// !$*UTF8*$!
{
	archiveVersion = 1;
	classes = {
	};
	objectVersion = 56;
	objects = {

/* Begin PBXBuildFile section */
		60CE281929491E12003E44B1 /* NOTED_pt_2App.swift in Sources */ = {isa = PBXBuildFile; fileRef = 60CE281829491E12003E44B1 /* NOTED_pt_2App.swift */; };
		60CE281B29491E12003E44B1 /* ContentView.swift in Sources */ = {isa = PBXBuildFile; fileRef = 60CE281A29491E12003E44B1 /* ContentView.swift */; };
		60CE281D29491E13003E44B1 /* Assets.xcassets in Resources */ = {isa = PBXBuildFile; fileRef = 60CE281C29491E13003E44B1 /* Assets.xcassets */; };
		60CE282029491E13003E44B1 /* Preview Assets.xcassets in Resources */ = {isa = PBXBuildFile; fileRef = 60CE281F29491E13003E44B1 /* Preview Assets.xcassets */; };
		60CE282729491E4B003E44B1 /* Chalkboard.ttc in Resources */ = {isa = PBXBuildFile; fileRef = 60CE282629491E4B003E44B1 /* Chalkboard.ttc */; };
		60CE2844294A6670003E44B1 /* SplogsView.swift in Sources */ = {isa = PBXBuildFile; fileRef = 60CE2843294A6670003E44B1 /* SplogsView.swift */; };
		60CE2846294A66F1003E44B1 /* MainScreenView.swift in Sources */ = {isa = PBXBuildFile; fileRef = 60CE2845294A66F1003E44B1 /* MainScreenView.swift */; };
		60CE2848294A6D71003E44B1 /* MySplogsView.swift in Sources */ = {isa = PBXBuildFile; fileRef = 60CE2847294A6D71003E44B1 /* MySplogsView.swift */; };
		60CE284A294A7120003E44B1 /* NewSplogView.swift in Sources */ = {isa = PBXBuildFile; fileRef = 60CE2849294A7120003E44B1 /* NewSplogView.swift */; };
		60CE284C294BB94E003E44B1 /* GrizzView.swift in Sources */ = {isa = PBXBuildFile; fileRef = 60CE284B294BB94E003E44B1 /* GrizzView.swift */; };
		60F989B5295008D500869A62 /* RareView.swift in Sources */ = {isa = PBXBuildFile; fileRef = 60F989B4295008D500869A62 /* RareView.swift */; };
		60F989B92950F6E100869A62 /* FortyTwoOnTheRocksView.swift in Sources */ = {isa = PBXBuildFile; fileRef = 60F989B82950F6E100869A62 /* FortyTwoOnTheRocksView.swift */; };
/* End PBXBuildFile section */

/* Begin PBXFileReference section */
		60CE281529491E12003E44B1 /* NOTED pt.2.app */ = {isa = PBXFileReference; explicitFileType = wrapper.application; includeInIndex = 0; path = "NOTED pt.2.app"; sourceTree = BUILT_PRODUCTS_DIR; };
		60CE281829491E12003E44B1 /* NOTED_pt_2App.swift */ = {isa = PBXFileReference; lastKnownFileType = sourcecode.swift; path = NOTED_pt_2App.swift; sourceTree = "<group>"; };
		60CE281A29491E12003E44B1 /* ContentView.swift */ = {isa = PBXFileReference; lastKnownFileType = sourcecode.swift; path = ContentView.swift; sourceTree = "<group>"; };
		60CE281C29491E13003E44B1 /* Assets.xcassets */ = {isa = PBXFileReference; lastKnownFileType = folder.assetcatalog; path = Assets.xcassets; sourceTree = "<group>"; };
		60CE281F29491E13003E44B1 /* Preview Assets.xcassets */ = {isa = PBXFileReference; lastKnownFileType = folder.assetcatalog; path = "Preview Assets.xcassets"; sourceTree = "<group>"; };
		60CE282629491E4B003E44B1 /* Chalkboard.ttc */ = {isa = PBXFileReference; lastKnownFileType = file; name = Chalkboard.ttc; path = ../../../../../System/Library/Fonts/Supplemental/Chalkboard.ttc; sourceTree = "<group>"; };
		60CE282829491E6A003E44B1 /* NOTED-pt-2-Info.plist */ = {isa = PBXFileReference; lastKnownFileType = text.plist; path = "NOTED-pt-2-Info.plist"; sourceTree = SOURCE_ROOT; };
		60CE2843294A6670003E44B1 /* SplogsView.swift */ = {isa = PBXFileReference; lastKnownFileType = sourcecode.swift; path = SplogsView.swift; sourceTree = "<group>"; };
		60CE2845294A66F1003E44B1 /* MainScreenView.swift */ = {isa = PBXFileReference; lastKnownFileType = sourcecode.swift; path = MainScreenView.swift; sourceTree = "<group>"; };
		60CE2847294A6D71003E44B1 /* MySplogsView.swift */ = {isa = PBXFileReference; lastKnownFileType = sourcecode.swift; path = MySplogsView.swift; sourceTree = "<group>"; };
		60CE2849294A7120003E44B1 /* NewSplogView.swift */ = {isa = PBXFileReference; lastKnownFileType = sourcecode.swift; path = NewSplogView.swift; sourceTree = "<group>"; };
		60CE284B294BB94E003E44B1 /* GrizzView.swift */ = {isa = PBXFileReference; lastKnownFileType = sourcecode.swift; path = GrizzView.swift; sourceTree = "<group>"; };
		60F989B4295008D500869A62 /* RareView.swift */ = {isa = PBXFileReference; lastKnownFileType = sourcecode.swift; path = RareView.swift; sourceTree = "<group>"; };
		60F989B82950F6E100869A62 /* FortyTwoOnTheRocksView.swift */ = {isa = PBXFileReference; lastKnownFileType = sourcecode.swift; path = FortyTwoOnTheRocksView.swift; sourceTree = "<group>"; };
/* End PBXFileReference section */

/* Begin PBXFrameworksBuildPhase section */
		60CE281229491E12003E44B1 /* Frameworks */ = {
			isa = PBXFrameworksBuildPhase;
			buildActionMask = 2147483647;
			files = (
			);
			runOnlyForDeploymentPostprocessing = 0;
		};
/* End PBXFrameworksBuildPhase section */

/* Begin PBXGroup section */
		60CE280C29491E12003E44B1 = {
			isa = PBXGroup;
			children = (
				60CE281729491E12003E44B1 /* NOTED pt.2 */,
				60CE281629491E12003E44B1 /* Products */,
			);
			sourceTree = "<group>";
		};
		60CE281629491E12003E44B1 /* Products */ = {
			isa = PBXGroup;
			children = (
				60CE281529491E12003E44B1 /* NOTED pt.2.app */,
			);
			name = Products;
			sourceTree = "<group>";
		};
		60CE281729491E12003E44B1 /* NOTED pt.2 */ = {
			isa = PBXGroup;
			children = (
				60CE282829491E6A003E44B1 /* NOTED-pt-2-Info.plist */,
				60CE282629491E4B003E44B1 /* Chalkboard.ttc */,
				60CE281829491E12003E44B1 /* NOTED_pt_2App.swift */,
				60CE281A29491E12003E44B1 /* ContentView.swift */,
				60CE2845294A66F1003E44B1 /* MainScreenView.swift */,
				60CE2847294A6D71003E44B1 /* MySplogsView.swift */,
				60CE2843294A6670003E44B1 /* SplogsView.swift */,
				60CE2849294A7120003E44B1 /* NewSplogView.swift */,
				60CE284B294BB94E003E44B1 /* GrizzView.swift */,
				60F989B4295008D500869A62 /* RareView.swift */,
				60F989B82950F6E100869A62 /* FortyTwoOnTheRocksView.swift */,
				60CE281C29491E13003E44B1 /* Assets.xcassets */,
				60CE281E29491E13003E44B1 /* Preview Content */,
			);
			path = "NOTED pt.2";
			sourceTree = "<group>";
		};
		60CE281E29491E13003E44B1 /* Preview Content */ = {
			isa = PBXGroup;
			children = (
				60CE281F29491E13003E44B1 /* Preview Assets.xcassets */,
			);
			path = "Preview Content";
			sourceTree = "<group>";
		};
/* End PBXGroup section */

/* Begin PBXNativeTarget section */
		60CE281429491E12003E44B1 /* NOTED pt.2 */ = {
			isa = PBXNativeTarget;
			buildConfigurationList = 60CE282329491E13003E44B1 /* Build configuration list for PBXNativeTarget "NOTED pt.2" */;
			buildPhases = (
				60CE281129491E12003E44B1 /* Sources */,
				60CE281229491E12003E44B1 /* Frameworks */,
				60CE281329491E12003E44B1 /* Resources */,
			);
			buildRules = (
			);
			dependencies = (
			);
			name = "NOTED pt.2";
			productName = "NOTED pt.2";
			productReference = 60CE281529491E12003E44B1 /* NOTED pt.2.app */;
			productType = "com.apple.product-type.application";
		};
/* End PBXNativeTarget section */

/* Begin PBXProject section */
		60CE280D29491E12003E44B1 /* Project object */ = {
			isa = PBXProject;
			attributes = {
				BuildIndependentTargetsInParallel = 1;
				LastSwiftUpdateCheck = 1410;
				LastUpgradeCheck = 1410;
				TargetAttributes = {
					60CE281429491E12003E44B1 = {
						CreatedOnToolsVersion = 14.1;
					};
				};
			};
			buildConfigurationList = 60CE281029491E12003E44B1 /* Build configuration list for PBXProject "NOTED pt.2" */;
			compatibilityVersion = "Xcode 14.0";
			developmentRegion = en;
			hasScannedForEncodings = 0;
			knownRegions = (
				en,
				Base,
			);
			mainGroup = 60CE280C29491E12003E44B1;
			productRefGroup = 60CE281629491E12003E44B1 /* Products */;
			projectDirPath = "";
			projectRoot = "";
			targets = (
				60CE281429491E12003E44B1 /* NOTED pt.2 */,
			);
		};
/* End PBXProject section */

/* Begin PBXResourcesBuildPhase section */
		60CE281329491E12003E44B1 /* Resources */ = {
			isa = PBXResourcesBuildPhase;
			buildActionMask = 2147483647;
			files = (
				60CE282029491E13003E44B1 /* Preview Assets.xcassets in Resources */,
				60CE282729491E4B003E44B1 /* Chalkboard.ttc in Resources */,
				60CE281D29491E13003E44B1 /* Assets.xcassets in Resources */,
			);
			runOnlyForDeploymentPostprocessing = 0;
		};
/* End PBXResourcesBuildPhase section */

/* Begin PBXSourcesBuildPhase section */
		60CE281129491E12003E44B1 /* Sources */ = {
			isa = PBXSourcesBuildPhase;
			buildActionMask = 2147483647;
			files = (
				60CE284C294BB94E003E44B1 /* GrizzView.swift in Sources */,
				60F989B92950F6E100869A62 /* FortyTwoOnTheRocksView.swift in Sources */,
				60CE2848294A6D71003E44B1 /* MySplogsView.swift in Sources */,
				60F989B5295008D500869A62 /* RareView.swift in Sources */,
				60CE281B29491E12003E44B1 /* ContentView.swift in Sources */,
				60CE284A294A7120003E44B1 /* NewSplogView.swift in Sources */,
				60CE2844294A6670003E44B1 /* SplogsView.swift in Sources */,
				60CE2846294A66F1003E44B1 /* MainScreenView.swift in Sources */,
				60CE281929491E12003E44B1 /* NOTED_pt_2App.swift in Sources */,
			);
			runOnlyForDeploymentPostprocessing = 0;
		};
/* End PBXSourcesBuildPhase section */

/* Begin XCBuildConfiguration section */
		60CE282129491E13003E44B1 /* Debug */ = {
			isa = XCBuildConfiguration;
			buildSettings = {
				ALWAYS_SEARCH_USER_PATHS = NO;
				CLANG_ANALYZER_NONNULL = YES;
				CLANG_ANALYZER_NUMBER_OBJECT_CONVERSION = YES_AGGRESSIVE;
				CLANG_CXX_LANGUAGE_STANDARD = "gnu++20";
				CLANG_ENABLE_MODULES = YES;
				CLANG_ENABLE_OBJC_ARC = YES;
				CLANG_ENABLE_OBJC_WEAK = YES;
				CLANG_WARN_BLOCK_CAPTURE_AUTORELEASING = YES;
				CLANG_WARN_BOOL_CONVERSION = YES;
				CLANG_WARN_COMMA = YES;
				CLANG_WARN_CONSTANT_CONVERSION = YES;
				CLANG_WARN_DEPRECATED_OBJC_IMPLEMENTATIONS = YES;
				CLANG_WARN_DIRECT_OBJC_ISA_USAGE = YES_ERROR;
				CLANG_WARN_DOCUMENTATION_COMMENTS = YES;
				CLANG_WARN_EMPTY_BODY = YES;
				CLANG_WARN_ENUM_CONVERSION = YES;
				CLANG_WARN_INFINITE_RECURSION = YES;
				CLANG_WARN_INT_CONVERSION = YES;
				CLANG_WARN_NON_LITERAL_NULL_CONVERSION = YES;
				CLANG_WARN_OBJC_IMPLICIT_RETAIN_SELF = YES;
				CLANG_WARN_OBJC_LITERAL_CONVERSION = YES;
				CLANG_WARN_OBJC_ROOT_CLASS = YES_ERROR;
				CLANG_WARN_QUOTED_INCLUDE_IN_FRAMEWORK_HEADER = YES;
				CLANG_WARN_RANGE_LOOP_ANALYSIS = YES;
				CLANG_WARN_STRICT_PROTOTYPES = YES;
				CLANG_WARN_SUSPICIOUS_MOVE = YES;
				CLANG_WARN_UNGUARDED_AVAILABILITY = YES_AGGRESSIVE;
				CLANG_WARN_UNREACHABLE_CODE = YES;
				CLANG_WARN__DUPLICATE_METHOD_MATCH = YES;
				COPY_PHASE_STRIP = NO;
				DEBUG_INFORMATION_FORMAT = dwarf;
				ENABLE_STRICT_OBJC_MSGSEND = YES;
				ENABLE_TESTABILITY = YES;
				GCC_C_LANGUAGE_STANDARD = gnu11;
				GCC_DYNAMIC_NO_PIC = NO;
				GCC_NO_COMMON_BLOCKS = YES;
				GCC_OPTIMIZATION_LEVEL = 0;
				GCC_PREPROCESSOR_DEFINITIONS = (
					"DEBUG=1",
					"$(inherited)",
				);
				GCC_WARN_64_TO_32_BIT_CONVERSION = YES;
				GCC_WARN_ABOUT_RETURN_TYPE = YES_ERROR;
				GCC_WARN_UNDECLARED_SELECTOR = YES;
				GCC_WARN_UNINITIALIZED_AUTOS = YES_AGGRESSIVE;
				GCC_WARN_UNUSED_FUNCTION = YES;
				GCC_WARN_UNUSED_VARIABLE = YES;
				IPHONEOS_DEPLOYMENT_TARGET = 16.1;
				MTL_ENABLE_DEBUG_INFO = INCLUDE_SOURCE;
				MTL_FAST_MATH = YES;
				ONLY_ACTIVE_ARCH = YES;
				SDKROOT = iphoneos;
				SWIFT_ACTIVE_COMPILATION_CONDITIONS = DEBUG;
				SWIFT_OPTIMIZATION_LEVEL = "-Onone";
			};
			name = Debug;
		};
		60CE282229491E13003E44B1 /* Release */ = {
			isa = XCBuildConfiguration;
			buildSettings = {
				ALWAYS_SEARCH_USER_PATHS = NO;
				CLANG_ANALYZER_NONNULL = YES;
				CLANG_ANALYZER_NUMBER_OBJECT_CONVERSION = YES_AGGRESSIVE;
				CLANG_CXX_LANGUAGE_STANDARD = "gnu++20";
				CLANG_ENABLE_MODULES = YES;
				CLANG_ENABLE_OBJC_ARC = YES;
				CLANG_ENABLE_OBJC_WEAK = YES;
				CLANG_WARN_BLOCK_CAPTURE_AUTORELEASING = YES;
				CLANG_WARN_BOOL_CONVERSION = YES;
				CLANG_WARN_COMMA = YES;
				CLANG_WARN_CONSTANT_CONVERSION = YES;
				CLANG_WARN_DEPRECATED_OBJC_IMPLEMENTATIONS = YES;
				CLANG_WARN_DIRECT_OBJC_ISA_USAGE = YES_ERROR;
				CLANG_WARN_DOCUMENTATION_COMMENTS = YES;
				CLANG_WARN_EMPTY_BODY = YES;
				CLANG_WARN_ENUM_CONVERSION = YES;
				CLANG_WARN_INFINITE_RECURSION = YES;
				CLANG_WARN_INT_CONVERSION = YES;
				CLANG_WARN_NON_LITERAL_NULL_CONVERSION = YES;
				CLANG_WARN_OBJC_IMPLICIT_RETAIN_SELF = YES;
				CLANG_WARN_OBJC_LITERAL_CONVERSION = YES;
				CLANG_WARN_OBJC_ROOT_CLASS = YES_ERROR;
				CLANG_WARN_QUOTED_INCLUDE_IN_FRAMEWORK_HEADER = YES;
				CLANG_WARN_RANGE_LOOP_ANALYSIS = YES;
				CLANG_WARN_STRICT_PROTOTYPES = YES;
				CLANG_WARN_SUSPICIOUS_MOVE = YES;
				CLANG_WARN_UNGUARDED_AVAILABILITY = YES_AGGRESSIVE;
				CLANG_WARN_UNREACHABLE_CODE = YES;
				CLANG_WARN__DUPLICATE_METHOD_MATCH = YES;
				COPY_PHASE_STRIP = NO;
				DEBUG_INFORMATION_FORMAT = "dwarf-with-dsym";
				ENABLE_NS_ASSERTIONS = NO;
				ENABLE_STRICT_OBJC_MSGSEND = YES;
				GCC_C_LANGUAGE_STANDARD = gnu11;
				GCC_NO_COMMON_BLOCKS = YES;
				GCC_WARN_64_TO_32_BIT_CONVERSION = YES;
				GCC_WARN_ABOUT_RETURN_TYPE = YES_ERROR;
				GCC_WARN_UNDECLARED_SELECTOR = YES;
				GCC_WARN_UNINITIALIZED_AUTOS = YES_AGGRESSIVE;
				GCC_WARN_UNUSED_FUNCTION = YES;
				GCC_WARN_UNUSED_VARIABLE = YES;
				IPHONEOS_DEPLOYMENT_TARGET = 16.1;
				MTL_ENABLE_DEBUG_INFO = NO;
				MTL_FAST_MATH = YES;
				SDKROOT = iphoneos;
				SWIFT_COMPILATION_MODE = wholemodule;
				SWIFT_OPTIMIZATION_LEVEL = "-O";
				VALIDATE_PRODUCT = YES;
			};
			name = Release;
		};
		60CE282429491E13003E44B1 /* Debug */ = {
			isa = XCBuildConfiguration;
			buildSettings = {
				ASSETCATALOG_COMPILER_APPICON_NAME = AppIcon;
				ASSETCATALOG_COMPILER_GLOBAL_ACCENT_COLOR_NAME = AccentColor;
				CODE_SIGN_STYLE = Automatic;
				CURRENT_PROJECT_VERSION = 1;
				DEVELOPMENT_ASSET_PATHS = "\"NOTED pt.2/Preview Content\"";
				DEVELOPMENT_TEAM = Q8G9N3NSS9;
				ENABLE_PREVIEWS = YES;
				GENERATE_INFOPLIST_FILE = YES;
				INFOPLIST_FILE = "NOTED-pt-2-Info.plist";
				INFOPLIST_KEY_UIApplicationSceneManifest_Generation = YES;
				INFOPLIST_KEY_UIApplicationSupportsIndirectInputEvents = YES;
				INFOPLIST_KEY_UILaunchScreen_Generation = YES;
				INFOPLIST_KEY_UISupportedInterfaceOrientations_iPad = "UIInterfaceOrientationPortrait UIInterfaceOrientationPortraitUpsideDown UIInterfaceOrientationLandscapeLeft UIInterfaceOrientationLandscapeRight";
				INFOPLIST_KEY_UISupportedInterfaceOrientations_iPhone = "UIInterfaceOrientationPortrait UIInterfaceOrientationLandscapeLeft UIInterfaceOrientationLandscapeRight";
				IPHONEOS_DEPLOYMENT_TARGET = 15.5;
				LD_RUNPATH_SEARCH_PATHS = (
					"$(inherited)",
					"@executable_path/Frameworks",
				);
				MARKETING_VERSION = 1.0;
				PRODUCT_BUNDLE_IDENTIFIER = "Bio-ADA.NOTED-pt-2";
				PRODUCT_NAME = "$(TARGET_NAME)";
				SWIFT_EMIT_LOC_STRINGS = YES;
				SWIFT_VERSION = 5.0;
				TARGETED_DEVICE_FAMILY = "1,2";
			};
			name = Debug;
		};
		60CE282529491E13003E44B1 /* Release */ = {
			isa = XCBuildConfiguration;
			buildSettings = {
				ASSETCATALOG_COMPILER_APPICON_NAME = AppIcon;
				ASSETCATALOG_COMPILER_GLOBAL_ACCENT_COLOR_NAME = AccentColor;
				CODE_SIGN_STYLE = Automatic;
				CURRENT_PROJECT_VERSION = 1;
				DEVELOPMENT_ASSET_PATHS = "\"NOTED pt.2/Preview Content\"";
				DEVELOPMENT_TEAM = Q8G9N3NSS9;
				ENABLE_PREVIEWS = YES;
				GENERATE_INFOPLIST_FILE = YES;
				INFOPLIST_FILE = "NOTED-pt-2-Info.plist";
				INFOPLIST_KEY_UIApplicationSceneManifest_Generation = YES;
				INFOPLIST_KEY_UIApplicationSupportsIndirectInputEvents = YES;
				INFOPLIST_KEY_UILaunchScreen_Generation = YES;
				INFOPLIST_KEY_UISupportedInterfaceOrientations_iPad = "UIInterfaceOrientationPortrait UIInterfaceOrientationPortraitUpsideDown UIInterfaceOrientationLandscapeLeft UIInterfaceOrientationLandscapeRight";
				INFOPLIST_KEY_UISupportedInterfaceOrientations_iPhone = "UIInterfaceOrientationPortrait UIInterfaceOrientationLandscapeLeft UIInterfaceOrientationLandscapeRight";
				IPHONEOS_DEPLOYMENT_TARGET = 15.5;
				LD_RUNPATH_SEARCH_PATHS = (
					"$(inherited)",
					"@executable_path/Frameworks",
				);
				MARKETING_VERSION = 1.0;
				PRODUCT_BUNDLE_IDENTIFIER = "Bio-ADA.NOTED-pt-2";
				PRODUCT_NAME = "$(TARGET_NAME)";
				SWIFT_EMIT_LOC_STRINGS = YES;
				SWIFT_VERSION = 5.0;
				TARGETED_DEVICE_FAMILY = "1,2";
			};
			name = Release;
		};
/* End XCBuildConfiguration section */

/* Begin XCConfigurationList section */
		60CE281029491E12003E44B1 /* Build configuration list for PBXProject "NOTED pt.2" */ = {
			isa = XCConfigurationList;
			buildConfigurations = (
				60CE282129491E13003E44B1 /* Debug */,
				60CE282229491E13003E44B1 /* Release */,
			);
			defaultConfigurationIsVisible = 0;
			defaultConfigurationName = Release;
		};
		60CE282329491E13003E44B1 /* Build configuration list for PBXNativeTarget "NOTED pt.2" */ = {
			isa = XCConfigurationList;
			buildConfigurations = (
				60CE282429491E13003E44B1 /* Debug */,
				60CE282529491E13003E44B1 /* Release */,
			);
			defaultConfigurationIsVisible = 0;
			defaultConfigurationName = Release;
		};
/* End XCConfigurationList section */
	};
	rootObject = 60CE280D29491E12003E44B1 /* Project object */;
}
